<?xml version="1.0" encoding="utf-8"?>
<Project ToolsVersion="4.0" xmlns="http://schemas.microsoft.com/developer/msbuild/2003">
  <ItemGroup>
    <ClCompile Include="main.cpp" />
    <ClCompile Include="PlayScene.cpp" />
    <ClCompile Include="SceneManager.cpp" />
    <ClCompile Include="Actor.cpp" />
    <ClCompile Include="ActorManager.cpp" />
    <ClCompile Include="Player.cpp" />
    <ClCompile Include="CameraFixedPoint.cpp" />
    <ClCompile Include="CannonBall.cpp" />
    <ClCompile Include="World.cpp" />
    <ClCompile Include="BoundingSphere.cpp" />
  </ItemGroup>
  <ItemGroup>
    <ClInclude Include="IScene.h" />
    <ClInclude Include="PlayScene.h" />
    <ClInclude Include="NullScene.h" />
    <ClInclude Include="SceneManager.h" />
    <ClInclude Include="Actor.h" />
    <ClInclude Include="ActorManager.h" />
    <ClInclude Include="Player.h" />
    <ClInclude Include="CameraFixedPoint.h" />
    <ClInclude Include="CannonBall.h" />
    <ClInclude Include="World.h" />
    <ClInclude Include="IWorld.h" />
    <ClInclude Include="Assets.h" />
    <ClInclude Include="BoundingSphere.h" />
  </ItemGroup>
</Project>